PODS:
  - external_path (2.0.1):
    - Flutter
  - Flutter (1.0.0)
  - flutter_keyboard_visibility (0.0.1):
    - Flutter

DEPENDENCIES:
  - external_path (from `.symlinks/plugins/external_path/ios`)
  - Flutter (from `Flutter`)
  - flutter_keyboard_visibility (from `.symlinks/plugins/flutter_keyboard_visibility/ios`)

EXTERNAL SOURCES:
  external_path:
    :path: ".symlinks/plugins/external_path/ios"
  Flutter:
    :path: Flutter
  flutter_keyboard_visibility:
    :path: ".symlinks/plugins/flutter_keyboard_visibility/ios"

SPEC CHECKSUMS:
  external_path: fd37c654b69a1336e33a2403f48383ae6100e443
  Flutter: cabc95a1d2626b1b06e7179b784ebcf0c0cde467
  flutter_keyboard_visibility: 4625131e43015dbbe759d9b20daaf77e0e3f6619

PODFILE CHECKSUM: 83d1b0fb6fc8613d8312a03b8e1540d37cfc5d2c

COCOAPODS: 1.16.2
